
Microsoft Visual Studio Solution File, Format Version 12.00
# Visual Studio 15
VisualStudioVersion = 15.0.28307.572
MinimumVisualStudioVersion = 10.0.40219.1
Project("{FAE04EC0-301F-11D3-BF4B-00C04F79EFBC}") = "WpfApp8", "WpfApp8\WpfApp8.csproj", "{34547BE4-759D-416F-9C8F-7C143A513399}"
EndProject
Global
	GlobalSection(SolutionConfigurationPlatforms) = preSolution
		Debug|Any CPU = Debug|Any CPU
		Release|Any CPU = Release|Any CPU
	EndGlobalSection
	GlobalSection(ProjectConfigurationPlatforms) = postSolution
		{34547BE4-759D-416F-9C8F-7C143A513399}.Debug|Any CPU.ActiveCfg = Debug|Any CPU
		{34547BE4-759D-416F-9C8F-7C143A513399}.Debug|Any CPU.Build.0 = Debug|Any CPU
		{34547BE4-759D-416F-9C8F-7C143A513399}.Release|Any CPU.ActiveCfg = Release|Any CPU
		{34547BE4-759D-416F-9C8F-7C143A513399}.Release|Any CPU.Build.0 = Release|Any CPU
	EndGlobalSection
	GlobalSection(SolutionProperties) = preSolution
		HideSolutionNode = FALSE
	EndGlobalSection
	GlobalSection(ExtensibilityGlobals) = postSolution
		SolutionGuid = {09E50253-DD1F-4439-AE80-F8F73418319E}
	EndGlobalSection
EndGlobal
